// !$*UTF8*$!
{
	archiveVersion = 1;
	classes = {
	};
	objectVersion = 56;
	objects = {

/* Begin PBXBuildFile section */
		20D0A76D120250F553D01B02 /* libPods-NetWorking1.a in Frameworks */ = {isa = PBXBuildFile; fileRef = 0877C21DD064FEF423B951E3 /* libPods-NetWorking1.a */; };
		E31051D729F9419B0011A14A /* CoursesViewController.swift in Sources */ = {isa = PBXBuildFile; fileRef = E31051D629F9419B0011A14A /* CoursesViewController.swift */; };
		E31051D929F946510011A14A /* TableViewCell.swift in Sources */ = {isa = PBXBuildFile; fileRef = E31051D829F946510011A14A /* TableViewCell.swift */; };
		E31051DB29F962800011A14A /* WebViewController.swift in Sources */ = {isa = PBXBuildFile; fileRef = E31051DA29F962800011A14A /* WebViewController.swift */; };
		E31051DD29F977780011A14A /* Course.swift in Sources */ = {isa = PBXBuildFile; fileRef = E31051DC29F977780011A14A /* Course.swift */; };
		E31051DF29F98D490011A14A /* WebsiteDescription.swift in Sources */ = {isa = PBXBuildFile; fileRef = E31051DE29F98D490011A14A /* WebsiteDescription.swift */; };
		E34ADD9B2A0D2EB30048D4E3 /* DataProvider.swift in Sources */ = {isa = PBXBuildFile; fileRef = E34ADD9A2A0D2EB30048D4E3 /* DataProvider.swift */; };
		E35262822A0A7D09002FDFB8 /* ImageProperties.swift in Sources */ = {isa = PBXBuildFile; fileRef = E35262812A0A7D09002FDFB8 /* ImageProperties.swift */; };
		E35262842A0A97CA002FDFB8 /* Keys.swift in Sources */ = {isa = PBXBuildFile; fileRef = E35262832A0A97CA002FDFB8 /* Keys.swift */; };
		E35262892A0AB190002FDFB8 /* .gitIgnore in Resources */ = {isa = PBXBuildFile; fileRef = E35262882A0AB190002FDFB8 /* .gitIgnore */; };
		E35B485729EEC9BF00EB462F /* AppDelegate.swift in Sources */ = {isa = PBXBuildFile; fileRef = E35B485629EEC9BF00EB462F /* AppDelegate.swift */; };
		E35B485929EEC9BF00EB462F /* SceneDelegate.swift in Sources */ = {isa = PBXBuildFile; fileRef = E35B485829EEC9BF00EB462F /* SceneDelegate.swift */; };
		E35B485B29EEC9BF00EB462F /* ImageViewController.swift in Sources */ = {isa = PBXBuildFile; fileRef = E35B485A29EEC9BF00EB462F /* ImageViewController.swift */; };
		E35B485E29EEC9BF00EB462F /* Main.storyboard in Resources */ = {isa = PBXBuildFile; fileRef = E35B485C29EEC9BF00EB462F /* Main.storyboard */; };
		E35B486029EEC9C100EB462F /* Assets.xcassets in Resources */ = {isa = PBXBuildFile; fileRef = E35B485F29EEC9C100EB462F /* Assets.xcassets */; };
		E35B486329EEC9C100EB462F /* LaunchScreen.storyboard in Resources */ = {isa = PBXBuildFile; fileRef = E35B486129EEC9C100EB462F /* LaunchScreen.storyboard */; };
		E3835F742A09570B009CF3D6 /* NetworkManager.swift in Sources */ = {isa = PBXBuildFile; fileRef = E3835F732A09570B009CF3D6 /* NetworkManager.swift */; };
		E39277FF29FC1B6F007670E5 /* MainViewController.swift in Sources */ = {isa = PBXBuildFile; fileRef = E39277FE29FC1B6F007670E5 /* MainViewController.swift */; };
		E392780129FC1BEF007670E5 /* CollectionViewCell.swift in Sources */ = {isa = PBXBuildFile; fileRef = E392780029FC1BEF007670E5 /* CollectionViewCell.swift */; };
		E394A2752A1E4AD8007B5942 /* AlamofireNetworkRequest.swift in Sources */ = {isa = PBXBuildFile; fileRef = E394A2742A1E4AD8007B5942 /* AlamofireNetworkRequest.swift */; };
/* End PBXBuildFile section */

/* Begin PBXFileReference section */
		0877C21DD064FEF423B951E3 /* libPods-NetWorking1.a */ = {isa = PBXFileReference; explicitFileType = archive.ar; includeInIndex = 0; path = "libPods-NetWorking1.a"; sourceTree = BUILT_PRODUCTS_DIR; };
		77D6346A085E79A2BFF75697 /* Pods-NetWorking1.debug.xcconfig */ = {isa = PBXFileReference; includeInIndex = 1; lastKnownFileType = text.xcconfig; name = "Pods-NetWorking1.debug.xcconfig"; path = "Target Support Files/Pods-NetWorking1/Pods-NetWorking1.debug.xcconfig"; sourceTree = "<group>"; };
		9E3BCC57E83811126D23EBD6 /* Pods-NetWorking1.release.xcconfig */ = {isa = PBXFileReference; includeInIndex = 1; lastKnownFileType = text.xcconfig; name = "Pods-NetWorking1.release.xcconfig"; path = "Target Support Files/Pods-NetWorking1/Pods-NetWorking1.release.xcconfig"; sourceTree = "<group>"; };
		E31051D629F9419B0011A14A /* CoursesViewController.swift */ = {isa = PBXFileReference; lastKnownFileType = sourcecode.swift; path = CoursesViewController.swift; sourceTree = "<group>"; };
		E31051D829F946510011A14A /* TableViewCell.swift */ = {isa = PBXFileReference; lastKnownFileType = sourcecode.swift; path = TableViewCell.swift; sourceTree = "<group>"; };
		E31051DA29F962800011A14A /* WebViewController.swift */ = {isa = PBXFileReference; lastKnownFileType = sourcecode.swift; path = WebViewController.swift; sourceTree = "<group>"; };
		E31051DC29F977780011A14A /* Course.swift */ = {isa = PBXFileReference; lastKnownFileType = sourcecode.swift; path = Course.swift; sourceTree = "<group>"; };
		E31051DE29F98D490011A14A /* WebsiteDescription.swift */ = {isa = PBXFileReference; lastKnownFileType = sourcecode.swift; path = WebsiteDescription.swift; sourceTree = "<group>"; };
		E34ADD9A2A0D2EB30048D4E3 /* DataProvider.swift */ = {isa = PBXFileReference; lastKnownFileType = sourcecode.swift; path = DataProvider.swift; sourceTree = "<group>"; };
		E35262812A0A7D09002FDFB8 /* ImageProperties.swift */ = {isa = PBXFileReference; lastKnownFileType = sourcecode.swift; path = ImageProperties.swift; sourceTree = "<group>"; };
		E35262832A0A97CA002FDFB8 /* Keys.swift */ = {isa = PBXFileReference; lastKnownFileType = sourcecode.swift; path = Keys.swift; sourceTree = "<group>"; };
		E35262882A0AB190002FDFB8 /* .gitIgnore */ = {isa = PBXFileReference; lastKnownFileType = text; path = .gitIgnore; sourceTree = "<group>"; };
		E35B485329EEC9BF00EB462F /* NetWorking1.app */ = {isa = PBXFileReference; explicitFileType = wrapper.application; includeInIndex = 0; path = NetWorking1.app; sourceTree = BUILT_PRODUCTS_DIR; };
		E35B485629EEC9BF00EB462F /* AppDelegate.swift */ = {isa = PBXFileReference; lastKnownFileType = sourcecode.swift; path = AppDelegate.swift; sourceTree = "<group>"; };
		E35B485829EEC9BF00EB462F /* SceneDelegate.swift */ = {isa = PBXFileReference; lastKnownFileType = sourcecode.swift; path = SceneDelegate.swift; sourceTree = "<group>"; };
		E35B485A29EEC9BF00EB462F /* ImageViewController.swift */ = {isa = PBXFileReference; lastKnownFileType = sourcecode.swift; path = ImageViewController.swift; sourceTree = "<group>"; };
		E35B485D29EEC9BF00EB462F /* Base */ = {isa = PBXFileReference; lastKnownFileType = file.storyboard; name = Base; path = Base.lproj/Main.storyboard; sourceTree = "<group>"; };
		E35B485F29EEC9C100EB462F /* Assets.xcassets */ = {isa = PBXFileReference; lastKnownFileType = folder.assetcatalog; path = Assets.xcassets; sourceTree = "<group>"; };
		E35B486229EEC9C100EB462F /* Base */ = {isa = PBXFileReference; lastKnownFileType = file.storyboard; name = Base; path = Base.lproj/LaunchScreen.storyboard; sourceTree = "<group>"; };
		E35B486429EEC9C100EB462F /* Info.plist */ = {isa = PBXFileReference; lastKnownFileType = text.plist.xml; path = Info.plist; sourceTree = "<group>"; };
		E3835F732A09570B009CF3D6 /* NetworkManager.swift */ = {isa = PBXFileReference; lastKnownFileType = sourcecode.swift; path = NetworkManager.swift; sourceTree = "<group>"; };
		E39277FE29FC1B6F007670E5 /* MainViewController.swift */ = {isa = PBXFileReference; lastKnownFileType = sourcecode.swift; path = MainViewController.swift; sourceTree = "<group>"; };
		E392780029FC1BEF007670E5 /* CollectionViewCell.swift */ = {isa = PBXFileReference; lastKnownFileType = sourcecode.swift; path = CollectionViewCell.swift; sourceTree = "<group>"; };
		E394A2742A1E4AD8007B5942 /* AlamofireNetworkRequest.swift */ = {isa = PBXFileReference; lastKnownFileType = sourcecode.swift; path = AlamofireNetworkRequest.swift; sourceTree = "<group>"; };
/* End PBXFileReference section */

/* Begin PBXFrameworksBuildPhase section */
		E35B485029EEC9BF00EB462F /* Frameworks */ = {
			isa = PBXFrameworksBuildPhase;
			buildActionMask = 2147483647;
			files = (
				20D0A76D120250F553D01B02 /* libPods-NetWorking1.a in Frameworks */,
			);
			runOnlyForDeploymentPostprocessing = 0;
		};
/* End PBXFrameworksBuildPhase section */

/* Begin PBXGroup section */
		67F3C6E6585A7786686247D2 /* Frameworks */ = {
			isa = PBXGroup;
			children = (
				0877C21DD064FEF423B951E3 /* libPods-NetWorking1.a */,
			);
			name = Frameworks;
			sourceTree = "<group>";
		};
		E35B484A29EEC9BE00EB462F = {
			isa = PBXGroup;
			children = (
				E35B485529EEC9BF00EB462F /* NetWorking1 */,
				E35B485429EEC9BF00EB462F /* Products */,
				F6FB43BEBA8A83D499EFBDD3 /* Pods */,
				67F3C6E6585A7786686247D2 /* Frameworks */,
			);
			sourceTree = "<group>";
		};
		E35B485429EEC9BF00EB462F /* Products */ = {
			isa = PBXGroup;
			children = (
				E35B485329EEC9BF00EB462F /* NetWorking1.app */,
			);
			name = Products;
			sourceTree = "<group>";
		};
		E35B485529EEC9BF00EB462F /* NetWorking1 */ = {
			isa = PBXGroup;
			children = (
				E35262882A0AB190002FDFB8 /* .gitIgnore */,
				E35B485629EEC9BF00EB462F /* AppDelegate.swift */,
				E35B485829EEC9BF00EB462F /* SceneDelegate.swift */,
				E394A2742A1E4AD8007B5942 /* AlamofireNetworkRequest.swift */,
				E35B485A29EEC9BF00EB462F /* ImageViewController.swift */,
				E35262812A0A7D09002FDFB8 /* ImageProperties.swift */,
				E3835F732A09570B009CF3D6 /* NetworkManager.swift */,
				E34ADD9A2A0D2EB30048D4E3 /* DataProvider.swift */,
				E35262832A0A97CA002FDFB8 /* Keys.swift */,
				E31051D629F9419B0011A14A /* CoursesViewController.swift */,
				E31051D829F946510011A14A /* TableViewCell.swift */,
				E39277FE29FC1B6F007670E5 /* MainViewController.swift */,
				E392780029FC1BEF007670E5 /* CollectionViewCell.swift */,
				E31051DA29F962800011A14A /* WebViewController.swift */,
				E35B485C29EEC9BF00EB462F /* Main.storyboard */,
				E31051DC29F977780011A14A /* Course.swift */,
				E31051DE29F98D490011A14A /* WebsiteDescription.swift */,
				E35B485F29EEC9C100EB462F /* Assets.xcassets */,
				E35B486129EEC9C100EB462F /* LaunchScreen.storyboard */,
				E35B486429EEC9C100EB462F /* Info.plist */,
			);
			path = NetWorking1;
			sourceTree = "<group>";
		};
		F6FB43BEBA8A83D499EFBDD3 /* Pods */ = {
			isa = PBXGroup;
			children = (
				77D6346A085E79A2BFF75697 /* Pods-NetWorking1.debug.xcconfig */,
				9E3BCC57E83811126D23EBD6 /* Pods-NetWorking1.release.xcconfig */,
			);
			path = Pods;
			sourceTree = "<group>";
		};
/* End PBXGroup section */

/* Begin PBXNativeTarget section */
		E35B485229EEC9BF00EB462F /* NetWorking1 */ = {
			isa = PBXNativeTarget;
			buildConfigurationList = E35B486729EEC9C100EB462F /* Build configuration list for PBXNativeTarget "NetWorking1" */;
			buildPhases = (
				3595A0E3E059E9E24079A46A /* [CP] Check Pods Manifest.lock */,
				E35B484F29EEC9BF00EB462F /* Sources */,
				E35B485029EEC9BF00EB462F /* Frameworks */,
				E35B485129EEC9BF00EB462F /* Resources */,
			);
			buildRules = (
			);
			dependencies = (
			);
			name = NetWorking1;
			productName = NetWorking1;
			productReference = E35B485329EEC9BF00EB462F /* NetWorking1.app */;
			productType = "com.apple.product-type.application";
		};
/* End PBXNativeTarget section */

/* Begin PBXProject section */
		E35B484B29EEC9BE00EB462F /* Project object */ = {
			isa = PBXProject;
			attributes = {
				BuildIndependentTargetsInParallel = 1;
				LastSwiftUpdateCheck = 1420;
				LastUpgradeCheck = 1420;
				TargetAttributes = {
					E35B485229EEC9BF00EB462F = {
						CreatedOnToolsVersion = 14.2;
					};
				};
			};
			buildConfigurationList = E35B484E29EEC9BE00EB462F /* Build configuration list for PBXProject "NetWorking1" */;
			compatibilityVersion = "Xcode 14.0";
			developmentRegion = en;
			hasScannedForEncodings = 0;
			knownRegions = (
				en,
				Base,
			);
			mainGroup = E35B484A29EEC9BE00EB462F;
			productRefGroup = E35B485429EEC9BF00EB462F /* Products */;
			projectDirPath = "";
			projectRoot = "";
			targets = (
				E35B485229EEC9BF00EB462F /* NetWorking1 */,
			);
		};
/* End PBXProject section */

/* Begin PBXResourcesBuildPhase section */
		E35B485129EEC9BF00EB462F /* Resources */ = {
			isa = PBXResourcesBuildPhase;
			buildActionMask = 2147483647;
			files = (
				E35262892A0AB190002FDFB8 /* .gitIgnore in Resources */,
				E35B486329EEC9C100EB462F /* LaunchScreen.storyboard in Resources */,
				E35B486029EEC9C100EB462F /* Assets.xcassets in Resources */,
				E35B485E29EEC9BF00EB462F /* Main.storyboard in Resources */,
			);
			runOnlyForDeploymentPostprocessing = 0;
		};
/* End PBXResourcesBuildPhase section */

/* Begin PBXShellScriptBuildPhase section */
		3595A0E3E059E9E24079A46A /* [CP] Check Pods Manifest.lock */ = {
			isa = PBXShellScriptBuildPhase;
			buildActionMask = 2147483647;
			files = (
			);
			inputFileListPaths = (
			);
			inputPaths = (
				"${PODS_PODFILE_DIR_PATH}/Podfile.lock",
				"${PODS_ROOT}/Manifest.lock",
			);
			name = "[CP] Check Pods Manifest.lock";
			outputFileListPaths = (
			);
			outputPaths = (
				"$(DERIVED_FILE_DIR)/Pods-NetWorking1-checkManifestLockResult.txt",
			);
			runOnlyForDeploymentPostprocessing = 0;
			shellPath = /bin/sh;
			shellScript = "diff \"${PODS_PODFILE_DIR_PATH}/Podfile.lock\" \"${PODS_ROOT}/Manifest.lock\" > /dev/null\nif [ $? != 0 ] ; then\n    # print error to STDERR\n    echo \"error: The sandbox is not in sync with the Podfile.lock. Run 'pod install' or update your CocoaPods installation.\" >&2\n    exit 1\nfi\n# This output is used by Xcode 'outputs' to avoid re-running this script phase.\necho \"SUCCESS\" > \"${SCRIPT_OUTPUT_FILE_0}\"\n";
			showEnvVarsInLog = 0;
		};
/* End PBXShellScriptBuildPhase section */

/* Begin PBXSourcesBuildPhase section */
		E35B484F29EEC9BF00EB462F /* Sources */ = {
			isa = PBXSourcesBuildPhase;
			buildActionMask = 2147483647;
			files = (
				E3835F742A09570B009CF3D6 /* NetworkManager.swift in Sources */,
				E31051DF29F98D490011A14A /* WebsiteDescription.swift in Sources */,
				E31051DD29F977780011A14A /* Course.swift in Sources */,
				E35B485B29EEC9BF00EB462F /* ImageViewController.swift in Sources */,
				E35262842A0A97CA002FDFB8 /* Keys.swift in Sources */,
				E35B485729EEC9BF00EB462F /* AppDelegate.swift in Sources */,
				E394A2752A1E4AD8007B5942 /* AlamofireNetworkRequest.swift in Sources */,
				E31051D929F946510011A14A /* TableViewCell.swift in Sources */,
				E31051DB29F962800011A14A /* WebViewController.swift in Sources */,
				E35B485929EEC9BF00EB462F /* SceneDelegate.swift in Sources */,
				E35262822A0A7D09002FDFB8 /* ImageProperties.swift in Sources */,
				E34ADD9B2A0D2EB30048D4E3 /* DataProvider.swift in Sources */,
				E31051D729F9419B0011A14A /* CoursesViewController.swift in Sources */,
				E39277FF29FC1B6F007670E5 /* MainViewController.swift in Sources */,
				E392780129FC1BEF007670E5 /* CollectionViewCell.swift in Sources */,
			);
			runOnlyForDeploymentPostprocessing = 0;
		};
/* End PBXSourcesBuildPhase section */

/* Begin PBXVariantGroup section */
		E35B485C29EEC9BF00EB462F /* Main.storyboard */ = {
			isa = PBXVariantGroup;
			children = (
				E35B485D29EEC9BF00EB462F /* Base */,
			);
			name = Main.storyboard;
			sourceTree = "<group>";
		};
		E35B486129EEC9C100EB462F /* LaunchScreen.storyboard */ = {
			isa = PBXVariantGroup;
			children = (
				E35B486229EEC9C100EB462F /* Base */,
			);
			name = LaunchScreen.storyboard;
			sourceTree = "<group>";
		};
/* End PBXVariantGroup section */

/* Begin XCBuildConfiguration section */
		E35B486529EEC9C100EB462F /* Debug */ = {
			isa = XCBuildConfiguration;
			buildSettings = {
				ALWAYS_SEARCH_USER_PATHS = NO;
				CLANG_ANALYZER_NONNULL = YES;
				CLANG_ANALYZER_NUMBER_OBJECT_CONVERSION = YES_AGGRESSIVE;
				CLANG_CXX_LANGUAGE_STANDARD = "gnu++20";
				CLANG_ENABLE_MODULES = YES;
				CLANG_ENABLE_OBJC_ARC = YES;
				CLANG_ENABLE_OBJC_WEAK = YES;
				CLANG_WARN_BLOCK_CAPTURE_AUTORELEASING = YES;
				CLANG_WARN_BOOL_CONVERSION = YES;
				CLANG_WARN_COMMA = YES;
				CLANG_WARN_CONSTANT_CONVERSION = YES;
				CLANG_WARN_DEPRECATED_OBJC_IMPLEMENTATIONS = YES;
				CLANG_WARN_DIRECT_OBJC_ISA_USAGE = YES_ERROR;
				CLANG_WARN_DOCUMENTATION_COMMENTS = YES;
				CLANG_WARN_EMPTY_BODY = YES;
				CLANG_WARN_ENUM_CONVERSION = YES;
				CLANG_WARN_INFINITE_RECURSION = YES;
				CLANG_WARN_INT_CONVERSION = YES;
				CLANG_WARN_NON_LITERAL_NULL_CONVERSION = YES;
				CLANG_WARN_OBJC_IMPLICIT_RETAIN_SELF = YES;
				CLANG_WARN_OBJC_LITERAL_CONVERSION = YES;
				CLANG_WARN_OBJC_ROOT_CLASS = YES_ERROR;
				CLANG_WARN_QUOTED_INCLUDE_IN_FRAMEWORK_HEADER = YES;
				CLANG_WARN_RANGE_LOOP_ANALYSIS = YES;
				CLANG_WARN_STRICT_PROTOTYPES = YES;
				CLANG_WARN_SUSPICIOUS_MOVE = YES;
				CLANG_WARN_UNGUARDED_AVAILABILITY = YES_AGGRESSIVE;
				CLANG_WARN_UNREACHABLE_CODE = YES;
				CLANG_WARN__DUPLICATE_METHOD_MATCH = YES;
				COPY_PHASE_STRIP = NO;
				DEBUG_INFORMATION_FORMAT = dwarf;
				ENABLE_STRICT_OBJC_MSGSEND = YES;
				ENABLE_TESTABILITY = YES;
				GCC_C_LANGUAGE_STANDARD = gnu11;
				GCC_DYNAMIC_NO_PIC = NO;
				GCC_NO_COMMON_BLOCKS = YES;
				GCC_OPTIMIZATION_LEVEL = 0;
				GCC_PREPROCESSOR_DEFINITIONS = (
					"DEBUG=1",
					"$(inherited)",
				);
				GCC_WARN_64_TO_32_BIT_CONVERSION = YES;
				GCC_WARN_ABOUT_RETURN_TYPE = YES_ERROR;
				GCC_WARN_UNDECLARED_SELECTOR = YES;
				GCC_WARN_UNINITIALIZED_AUTOS = YES_AGGRESSIVE;
				GCC_WARN_UNUSED_FUNCTION = YES;
				GCC_WARN_UNUSED_VARIABLE = YES;
				IPHONEOS_DEPLOYMENT_TARGET = 16.2;
				MTL_ENABLE_DEBUG_INFO = INCLUDE_SOURCE;
				MTL_FAST_MATH = YES;
				ONLY_ACTIVE_ARCH = YES;
				SDKROOT = iphoneos;
				SWIFT_ACTIVE_COMPILATION_CONDITIONS = DEBUG;
				SWIFT_OPTIMIZATION_LEVEL = "-Onone";
			};
			name = Debug;
		};
		E35B486629EEC9C100EB462F /* Release */ = {
			isa = XCBuildConfiguration;
			buildSettings = {
				ALWAYS_SEARCH_USER_PATHS = NO;
				CLANG_ANALYZER_NONNULL = YES;
				CLANG_ANALYZER_NUMBER_OBJECT_CONVERSION = YES_AGGRESSIVE;
				CLANG_CXX_LANGUAGE_STANDARD = "gnu++20";
				CLANG_ENABLE_MODULES = YES;
				CLANG_ENABLE_OBJC_ARC = YES;
				CLANG_ENABLE_OBJC_WEAK = YES;
				CLANG_WARN_BLOCK_CAPTURE_AUTORELEASING = YES;
				CLANG_WARN_BOOL_CONVERSION = YES;
				CLANG_WARN_COMMA = YES;
				CLANG_WARN_CONSTANT_CONVERSION = YES;
				CLANG_WARN_DEPRECATED_OBJC_IMPLEMENTATIONS = YES;
				CLANG_WARN_DIRECT_OBJC_ISA_USAGE = YES_ERROR;
				CLANG_WARN_DOCUMENTATION_COMMENTS = YES;
				CLANG_WARN_EMPTY_BODY = YES;
				CLANG_WARN_ENUM_CONVERSION = YES;
				CLANG_WARN_INFINITE_RECURSION = YES;
				CLANG_WARN_INT_CONVERSION = YES;
				CLANG_WARN_NON_LITERAL_NULL_CONVERSION = YES;
				CLANG_WARN_OBJC_IMPLICIT_RETAIN_SELF = YES;
				CLANG_WARN_OBJC_LITERAL_CONVERSION = YES;
				CLANG_WARN_OBJC_ROOT_CLASS = YES_ERROR;
				CLANG_WARN_QUOTED_INCLUDE_IN_FRAMEWORK_HEADER = YES;
				CLANG_WARN_RANGE_LOOP_ANALYSIS = YES;
				CLANG_WARN_STRICT_PROTOTYPES = YES;
				CLANG_WARN_SUSPICIOUS_MOVE = YES;
				CLANG_WARN_UNGUARDED_AVAILABILITY = YES_AGGRESSIVE;
				CLANG_WARN_UNREACHABLE_CODE = YES;
				CLANG_WARN__DUPLICATE_METHOD_MATCH = YES;
				COPY_PHASE_STRIP = NO;
				DEBUG_INFORMATION_FORMAT = "dwarf-with-dsym";
				ENABLE_NS_ASSERTIONS = NO;
				ENABLE_STRICT_OBJC_MSGSEND = YES;
				GCC_C_LANGUAGE_STANDARD = gnu11;
				GCC_NO_COMMON_BLOCKS = YES;
				GCC_WARN_64_TO_32_BIT_CONVERSION = YES;
				GCC_WARN_ABOUT_RETURN_TYPE = YES_ERROR;
				GCC_WARN_UNDECLARED_SELECTOR = YES;
				GCC_WARN_UNINITIALIZED_AUTOS = YES_AGGRESSIVE;
				GCC_WARN_UNUSED_FUNCTION = YES;
				GCC_WARN_UNUSED_VARIABLE = YES;
				IPHONEOS_DEPLOYMENT_TARGET = 16.2;
				MTL_ENABLE_DEBUG_INFO = NO;
				MTL_FAST_MATH = YES;
				SDKROOT = iphoneos;
				SWIFT_COMPILATION_MODE = wholemodule;
				SWIFT_OPTIMIZATION_LEVEL = "-O";
				VALIDATE_PRODUCT = YES;
			};
			name = Release;
		};
		E35B486829EEC9C100EB462F /* Debug */ = {
			isa = XCBuildConfiguration;
			baseConfigurationReference = 77D6346A085E79A2BFF75697 /* Pods-NetWorking1.debug.xcconfig */;
			buildSettings = {
				ASSETCATALOG_COMPILER_APPICON_NAME = AppIcon;
				ASSETCATALOG_COMPILER_GLOBAL_ACCENT_COLOR_NAME = AccentColor;
				CODE_SIGN_STYLE = Automatic;
				CURRENT_PROJECT_VERSION = 1;
				DEVELOPMENT_TEAM = 6XK3NFM9Y7;
				GENERATE_INFOPLIST_FILE = YES;
				INFOPLIST_FILE = NetWorking1/Info.plist;
				INFOPLIST_KEY_UIApplicationSupportsIndirectInputEvents = YES;
				INFOPLIST_KEY_UILaunchStoryboardName = LaunchScreen;
				INFOPLIST_KEY_UIMainStoryboardFile = Main;
				INFOPLIST_KEY_UISupportedInterfaceOrientations = UIInterfaceOrientationPortrait;
				INFOPLIST_KEY_UISupportedInterfaceOrientations_iPad = "UIInterfaceOrientationLandscapeLeft UIInterfaceOrientationLandscapeRight UIInterfaceOrientationPortrait UIInterfaceOrientationPortraitUpsideDown";
				LD_RUNPATH_SEARCH_PATHS = (
					"$(inherited)",
					"@executable_path/Frameworks",
				);
				MARKETING_VERSION = 1.0;
				PRODUCT_BUNDLE_IDENTIFIER = Kwazzar.NetWorking1;
				PRODUCT_NAME = "$(TARGET_NAME)";
				SWIFT_EMIT_LOC_STRINGS = YES;
				SWIFT_VERSION = 5.0;
				TARGETED_DEVICE_FAMILY = "1,2";
			};
			name = Debug;
		};
		E35B486929EEC9C100EB462F /* Release */ = {
			isa = XCBuildConfiguration;
			baseConfigurationReference = 9E3BCC57E83811126D23EBD6 /* Pods-NetWorking1.release.xcconfig */;
			buildSettings = {
				ASSETCATALOG_COMPILER_APPICON_NAME = AppIcon;
				ASSETCATALOG_COMPILER_GLOBAL_ACCENT_COLOR_NAME = AccentColor;
				CODE_SIGN_STYLE = Automatic;
				CURRENT_PROJECT_VERSION = 1;
				DEVELOPMENT_TEAM = 6XK3NFM9Y7;
				GENERATE_INFOPLIST_FILE = YES;
				INFOPLIST_FILE = NetWorking1/Info.plist;
				INFOPLIST_KEY_UIApplicationSupportsIndirectInputEvents = YES;
				INFOPLIST_KEY_UILaunchStoryboardName = LaunchScreen;
				INFOPLIST_KEY_UIMainStoryboardFile = Main;
				INFOPLIST_KEY_UISupportedInterfaceOrientations = UIInterfaceOrientationPortrait;
				INFOPLIST_KEY_UISupportedInterfaceOrientations_iPad = "UIInterfaceOrientationLandscapeLeft UIInterfaceOrientationLandscapeRight UIInterfaceOrientationPortrait UIInterfaceOrientationPortraitUpsideDown";
				LD_RUNPATH_SEARCH_PATHS = (
					"$(inherited)",
					"@executable_path/Frameworks",
				);
				MARKETING_VERSION = 1.0;
				PRODUCT_BUNDLE_IDENTIFIER = Kwazzar.NetWorking1;
				PRODUCT_NAME = "$(TARGET_NAME)";
				SWIFT_EMIT_LOC_STRINGS = YES;
				SWIFT_VERSION = 5.0;
				TARGETED_DEVICE_FAMILY = "1,2";
			};
			name = Release;
		};
/* End XCBuildConfiguration section */

/* Begin XCConfigurationList section */
		E35B484E29EEC9BE00EB462F /* Build configuration list for PBXProject "NetWorking1" */ = {
			isa = XCConfigurationList;
			buildConfigurations = (
				E35B486529EEC9C100EB462F /* Debug */,
				E35B486629EEC9C100EB462F /* Release */,
			);
			defaultConfigurationIsVisible = 0;
			defaultConfigurationName = Release;
		};
		E35B486729EEC9C100EB462F /* Build configuration list for PBXNativeTarget "NetWorking1" */ = {
			isa = XCConfigurationList;
			buildConfigurations = (
				E35B486829EEC9C100EB462F /* Debug */,
				E35B486929EEC9C100EB462F /* Release */,
			);
			defaultConfigurationIsVisible = 0;
			defaultConfigurationName = Release;
		};
/* End XCConfigurationList section */
	};
	rootObject = E35B484B29EEC9BE00EB462F /* Project object */;
}
